{
  "lockfile_version": "1",
  "packages": {
    "github:NixOS/nixpkgs/nixpkgs-unstable": {
      "last_modified": "2026-04-09T02:28:59Z",
      "resolved": "github:NixOS/nixpkgs/0f7663154ff2fec150f9dbf5f81ec2785dc1e0db?lastModified=1775701739"
    },
    "nodejs@22.22.2": {
      "last_modified": "2026-04-23T13:07:47Z",
      "plugin_version": "0.0.2",
      "resolved": "github:NixOS/nixpkgs/01fbdeef22b76df85ea168fbfe1bfd9e63681b30#nodejs_22",
      "source": "devbox-search",
      "version": "22.22.2",
      "systems": {
        "aarch64-darwin": {
          "outputs": [
            {
              "name": "out",
              "path": "/nix/store/0zb2cr3b9xlancr6s938s73pxfcbzji2-nodejs-22.22.2",
              "default": true
            }
          ],
          "store_path": "/nix/store/0zb2cr3b9xlancr6s938s73pxfcbzji2-nodejs-22.22.2"
        },
        "aarch64-linux": {
          "outputs": [
            {
              "name": "out",
              "path": "/nix/store/2axvilfkmlz8wfa9zimidv5l1cydi4kc-nodejs-22.22.2",
              "default": true
            }
          ],
          "store_path": "/nix/store/2axvilfkmlz8wfa9zimidv5l1cydi4kc-nodejs-22.22.2"
        },
        "x86_64-darwin": {
          "outputs": [
            {
              "name": "out",
              "path": "/nix/store/5b95ias241mw7bp4bindlc5xxn66phjy-nodejs-22.22.2",
              "default": true
            }
          ],
          "store_path": "/nix/store/5b95ias241mw7bp4bindlc5xxn66phjy-nodejs-22.22.2"
        },
        "x86_64-linux": {
          "outputs": [
            {
              "name": "out",
              "path": "/nix/store/6x6v11xjf0psckgqmyhfyhw9bdma0rn6-nodejs-22.22.2",
              "default": true
            }
          ],
          "store_path": "/nix/store/6x6v11xjf0psckgqmyhfyhw9bdma0rn6-nodejs-22.22.2"
        }
      }
    },
    "pnpm@10.33.2": {
      "last_modified": "2026-04-27T06:11:55Z",
      "resolved": "github:NixOS/nixpkgs/6368eda62c9775c38ef7f714b2555a741c20c72d#pnpm",
      "source": "devbox-search",
      "version": "10.33.2",
      "systems": {
        "aarch64-darwin": {
          "outputs": [
            {
              "name": "out",
              "path": "/nix/store/x3hcc83jr8myi9p2r5prgpmxx50wd1cr-pnpm-10.33.2",
              "default": true
            }
          ],
          "store_path": "/nix/store/x3hcc83jr8myi9p2r5prgpmxx50wd1cr-pnpm-10.33.2"
        },
        "aarch64-linux": {
          "outputs": [
            {
              "name": "out",
              "path": "/nix/store/6xd3l0crxpda9l171r9736s085dsn2ys-pnpm-10.33.2",
              "default": true
            }
          ],
          "store_path": "/nix/store/6xd3l0crxpda9l171r9736s085dsn2ys-pnpm-10.33.2"
        },
        "x86_64-darwin": {
          "outputs": [
            {
              "name": "out",
              "path": "/nix/store/yqffj1df34s1vnpibisf278k9fv03x3j-pnpm-10.33.2",
              "default": true
            }
          ],
          "store_path": "/nix/store/yqffj1df34s1vnpibisf278k9fv03x3j-pnpm-10.33.2"
        },
        "x86_64-linux": {
          "outputs": [
            {
              "name": "out",
              "path": "/nix/store/4yfpaak9jcmls1hzybqxb1yh8wipr4id-pnpm-10.33.2",
              "default": true
            }
          ],
          "store_path": "/nix/store/4yfpaak9jcmls1hzybqxb1yh8wipr4id-pnpm-10.33.2"
        }
      }
    }
  }
}
